
Microsoft Visual Studio Solution File, Format Version 12.00
# Visual Studio Version 17
VisualStudioVersion = 17.3.32811.315
MinimumVisualStudioVersion = 10.0.40219.1
Project("{FAE04EC0-301F-11D3-BF4B-00C04F79EFBC}") = "Cookie-Clicker", "Cookie-Clicker\Cookie-Clicker.csproj", "{A04440B5-AB59-47D0-8D09-9E647BDD554C}"
EndProject
Global
	GlobalSection(SolutionConfigurationPlatforms) = preSolution
		Debug|Any CPU = Debug|Any CPU
		Release|Any CPU = Release|Any CPU
	EndGlobalSection
	GlobalSection(ProjectConfigurationPlatforms) = postSolution
		{A04440B5-AB59-47D0-8D09-9E647BDD554C}.Debug|Any CPU.ActiveCfg = Debug|Any CPU
		{A04440B5-AB59-47D0-8D09-9E647BDD554C}.Debug|Any CPU.Build.0 = Debug|Any CPU
		{A04440B5-AB59-47D0-8D09-9E647BDD554C}.Release|Any CPU.ActiveCfg = Release|Any CPU
		{A04440B5-AB59-47D0-8D09-9E647BDD554C}.Release|Any CPU.Build.0 = Release|Any CPU
	EndGlobalSection
	GlobalSection(SolutionProperties) = preSolution
		HideSolutionNode = FALSE
	EndGlobalSection
	GlobalSection(ExtensibilityGlobals) = postSolution
		SolutionGuid = {16FC419D-9255-4B8D-B564-0A9FC535A317}
	EndGlobalSection
EndGlobal
